
Microsoft Visual Studio Solution File, Format Version 12.00
# Visual Studio Version 17
VisualStudioVersion = 17.2.32526.322
MinimumVisualStudioVersion = 10.0.40219.1
Project("{FAE04EC0-301F-11D3-BF4B-00C04F79EFBC}") = "client", "client\client.csproj", "{FC422B6F-C363-4814-AAA8-E37897E097AA}"
EndProject
Global
	GlobalSection(SolutionConfigurationPlatforms) = preSolution
		Debug|Any CPU = Debug|Any CPU
		Release|Any CPU = Release|Any CPU
	EndGlobalSection
	GlobalSection(ProjectConfigurationPlatforms) = postSolution
		{FC422B6F-C363-4814-AAA8-E37897E097AA}.Debug|Any CPU.ActiveCfg = Debug|Any CPU
		{FC422B6F-C363-4814-AAA8-E37897E097AA}.Debug|Any CPU.Build.0 = Debug|Any CPU
		{FC422B6F-C363-4814-AAA8-E37897E097AA}.Release|Any CPU.ActiveCfg = Release|Any CPU
		{FC422B6F-C363-4814-AAA8-E37897E097AA}.Release|Any CPU.Build.0 = Release|Any CPU
	EndGlobalSection
	GlobalSection(SolutionProperties) = preSolution
		HideSolutionNode = FALSE
	EndGlobalSection
	GlobalSection(ExtensibilityGlobals) = postSolution
		SolutionGuid = {8CE8D38B-BC7C-4758-B723-3FBF03AFDBB3}
	EndGlobalSection
EndGlobal
